
Microsoft Visual Studio Solution File, Format Version 12.00
# Visual Studio 15
VisualStudioVersion = 15.0.28307.168
MinimumVisualStudioVersion = 10.0.40219.1
Project("{159641D6-6404-4A2A-AE62-294DE0FE8301}") = "ETL_SourceToStaging", "ETL_SourceToStaging\ETL_SourceToStaging.dtproj", "{779640D5-EA19-438D-8CE3-2289837D076C}"
EndProject
Global
	GlobalSection(SolutionConfigurationPlatforms) = preSolution
		Development|Default = Development|Default
	EndGlobalSection
	GlobalSection(ProjectConfigurationPlatforms) = postSolution
		{779640D5-EA19-438D-8CE3-2289837D076C}.Development|Default.ActiveCfg = Development
		{779640D5-EA19-438D-8CE3-2289837D076C}.Development|Default.Build.0 = Development
	EndGlobalSection
	GlobalSection(SolutionProperties) = preSolution
		HideSolutionNode = FALSE
	EndGlobalSection
	GlobalSection(ExtensibilityGlobals) = postSolution
		SolutionGuid = {509F0CB1-9F02-423B-8425-D3EB095AC93B}
	EndGlobalSection
EndGlobal
